// !$*UTF8*$!
{
	archiveVersion = 1;
	classes = {
	};
	objectVersion = 50;
	objects = {

/* Begin PBXBuildFile section */
		DE0CE0D0238049190009B3A1 /* PlayersView.swift in Sources */ = {isa = PBXBuildFile; fileRef = DE0CE0CF238049190009B3A1 /* PlayersView.swift */; };
		DE0DE0672420E38F0077D5EE /* MovementComponent.swift in Sources */ = {isa = PBXBuildFile; fileRef = DE0DE0662420E38F0077D5EE /* MovementComponent.swift */; };
		DE0DE0692420E5F80077D5EE /* Component.swift in Sources */ = {isa = PBXBuildFile; fileRef = DE0DE0682420E5F80077D5EE /* Component.swift */; };
		DE0DE06B2420FCEF0077D5EE /* Entity.swift in Sources */ = {isa = PBXBuildFile; fileRef = DE0DE06A2420FCEF0077D5EE /* Entity.swift */; };
		DE12FB432392928A00A58357 /* AI.swift in Sources */ = {isa = PBXBuildFile; fileRef = DE12FB422392928A00A58357 /* AI.swift */; };
		DE13AD072257DF5600136AFE /* AppDelegate.swift in Sources */ = {isa = PBXBuildFile; fileRef = DE13AD062257DF5600136AFE /* AppDelegate.swift */; };
		DE13AD0D2257DF5600136AFE /* HexMapScene.swift in Sources */ = {isa = PBXBuildFile; fileRef = DE13AD0C2257DF5600136AFE /* HexMapScene.swift */; };
		DE13AD0F2257DF5600136AFE /* ViewController.swift in Sources */ = {isa = PBXBuildFile; fileRef = DE13AD0E2257DF5600136AFE /* ViewController.swift */; };
		DE13AD112257DF5800136AFE /* Assets.xcassets in Resources */ = {isa = PBXBuildFile; fileRef = DE13AD102257DF5800136AFE /* Assets.xcassets */; };
		DE13AD142257DF5800136AFE /* Main.storyboard in Resources */ = {isa = PBXBuildFile; fileRef = DE13AD122257DF5800136AFE /* Main.storyboard */; };
		DE13AD202257DF5800136AFE /* Hex_EngineTests.swift in Sources */ = {isa = PBXBuildFile; fileRef = DE13AD1F2257DF5800136AFE /* Hex_EngineTests.swift */; };
		DE19C3B4238AAF1300BC4034 /* UnitSprite.swift in Sources */ = {isa = PBXBuildFile; fileRef = DE19C3B3238AAF1300BC4034 /* UnitSprite.swift */; };
		DE19C3B6238AB40C00BC4034 /* CitySprite.swift in Sources */ = {isa = PBXBuildFile; fileRef = DE19C3B5238AB40C00BC4034 /* CitySprite.swift */; };
		DE19C3BA238AD46500BC4034 /* TileSprite.swift in Sources */ = {isa = PBXBuildFile; fileRef = DE19C3B9238AD46500BC4034 /* TileSprite.swift */; };
		DE24EA4924225E430071D0C2 /* SettlerComponent.swift in Sources */ = {isa = PBXBuildFile; fileRef = DE24EA4824225E430071D0C2 /* SettlerComponent.swift */; };
		DE24EA4C242260A30071D0C2 /* HealthComponent.swift in Sources */ = {isa = PBXBuildFile; fileRef = DE24EA4B242260A30071D0C2 /* HealthComponent.swift */; };
		DE24EA4E242357140071D0C2 /* AttackComponent.swift in Sources */ = {isa = PBXBuildFile; fileRef = DE24EA4D242357140071D0C2 /* AttackComponent.swift */; };
		DE3A71ED24266F5B00C48421 /* ComponentWrapper.swift in Sources */ = {isa = PBXBuildFile; fileRef = DE3A71EC24266F5B00C48421 /* ComponentWrapper.swift */; };
		DE3A71F424269BD100C48421 /* Components+Codable.swift in Sources */ = {isa = PBXBuildFile; fileRef = DE3A71F324269BD100C48421 /* Components+Codable.swift */; };
		DE3A720024269CDB00C48421 /* Unit+Codable.swift in Sources */ = {isa = PBXBuildFile; fileRef = DE3A71FF24269CDB00C48421 /* Unit+Codable.swift */; };
		DE3A720224269D2900C48421 /* City+Codable.swift in Sources */ = {isa = PBXBuildFile; fileRef = DE3A720124269D2900C48421 /* City+Codable.swift */; };
		DE538AE5225DED11007104A9 /* HexMapTests.swift in Sources */ = {isa = PBXBuildFile; fileRef = DE538AE4225DED11007104A9 /* HexMapTests.swift */; };
		DE64F7B2237EDE2000C921ED /* Player.swift in Sources */ = {isa = PBXBuildFile; fileRef = DE64F7B1237EDE2000C921ED /* Player.swift */; };
		DE67A86E236052D500A858D0 /* CityController.swift in Sources */ = {isa = PBXBuildFile; fileRef = DE67A86D236052D500A858D0 /* CityController.swift */; };
		DE67A8702360536200A858D0 /* City.swift in Sources */ = {isa = PBXBuildFile; fileRef = DE67A86F2360536200A858D0 /* City.swift */; };
		DE67A87223605CC400A858D0 /* SKNode+Extension.swift in Sources */ = {isa = PBXBuildFile; fileRef = DE67A87123605CC400A858D0 /* SKNode+Extension.swift */; };
		DE6BE6272257E0F20027380C /* HexMap.swift in Sources */ = {isa = PBXBuildFile; fileRef = DE6BE6262257E0F20027380C /* HexMap.swift */; };
		DE75E35F235A3D0A0018F1F9 /* Command.swift in Sources */ = {isa = PBXBuildFile; fileRef = DE75E35D235A376B0018F1F9 /* Command.swift */; };
		DE75E384235B41490018F1F9 /* WorldTests.swift in Sources */ = {isa = PBXBuildFile; fileRef = DE75E383235B41490018F1F9 /* WorldTests.swift */; };
		DE75E386235B416F0018F1F9 /* CommandTests.swift in Sources */ = {isa = PBXBuildFile; fileRef = DE75E385235B416F0018F1F9 /* CommandTests.swift */; };
		DE78AD9024222F5700A45C01 /* BuildComponent.swift in Sources */ = {isa = PBXBuildFile; fileRef = DE78AD8F24222F5700A45C01 /* BuildComponent.swift */; };
		DE8EE9B8242F647E00F806A6 /* GrowthComponent.swift in Sources */ = {isa = PBXBuildFile; fileRef = DE8EE9B7242F647E00F806A6 /* GrowthComponent.swift */; };
		DEAE7FD9243A1A7300C76181 /* LensController.swift in Sources */ = {isa = PBXBuildFile; fileRef = DEAE7FD8243A1A7300C76181 /* LensController.swift */; };
		DEAE7FDB243B1DD300C76181 /* LensSprite.swift in Sources */ = {isa = PBXBuildFile; fileRef = DEAE7FDA243B1DD300C76181 /* LensSprite.swift */; };
		DEB0A4DB242A0FC6004E11DF /* UnitTests.swift in Sources */ = {isa = PBXBuildFile; fileRef = DEB0A4DA242A0FC6004E11DF /* UnitTests.swift */; };
		DEB0A4DD242A118A004E11DF /* EntityTests.swift in Sources */ = {isa = PBXBuildFile; fileRef = DEB0A4DC242A118A004E11DF /* EntityTests.swift */; };
		DEB0A9A1226218AB005770B2 /* WorldFactory.swift in Sources */ = {isa = PBXBuildFile; fileRef = DEB0A9A0226218AB005770B2 /* WorldFactory.swift */; };
		DEB1AD75243C89B00069BC42 /* WorldBox.swift in Sources */ = {isa = PBXBuildFile; fileRef = DEB1AD74243C89B00069BC42 /* WorldBox.swift */; };
		DEB540FC236DC08E00D03062 /* CommandWrapper.swift in Sources */ = {isa = PBXBuildFile; fileRef = DEB540FB236DC08E00D03062 /* CommandWrapper.swift */; };
		DEC545952427865300D68FDE /* AutoExploreComponent.swift in Sources */ = {isa = PBXBuildFile; fileRef = DEC545942427865300D68FDE /* AutoExploreComponent.swift */; };
		DECCAD8422665E7C002D820E /* Double+Extension.swift in Sources */ = {isa = PBXBuildFile; fileRef = DECCAD8322665E7C002D820E /* Double+Extension.swift */; };
		DED64EC324387AE800330556 /* CombineTest.swift in Sources */ = {isa = PBXBuildFile; fileRef = DED64EC224387AE800330556 /* CombineTest.swift */; };
		DEEB5F622428B18B00669C95 /* TestUtilities.swift in Sources */ = {isa = PBXBuildFile; fileRef = DEEB5F612428B18B00669C95 /* TestUtilities.swift */; };
		DEEB5F642428CE7100669C95 /* ComponentTests.swift in Sources */ = {isa = PBXBuildFile; fileRef = DEEB5F632428CE7100669C95 /* ComponentTests.swift */; };
		DEEDE7AD23816193005E7613 /* PlayerTests.swift in Sources */ = {isa = PBXBuildFile; fileRef = DEEDE7AC23816193005E7613 /* PlayerTests.swift */; };
		DEEDE7AF23817888005E7613 /* TitleScreenView.swift in Sources */ = {isa = PBXBuildFile; fileRef = DEEDE7AE23817888005E7613 /* TitleScreenView.swift */; };
		DEF487362364B48F001E47A5 /* SwiftUIGUI.swift in Sources */ = {isa = PBXBuildFile; fileRef = DEF487352364B48F001E47A5 /* SwiftUIGUI.swift */; };
		DEF58EFF22874CCD0020B473 /* Unit.swift in Sources */ = {isa = PBXBuildFile; fileRef = DEF58EFE22874CCD0020B473 /* Unit.swift */; };
		DEF58F0222874D7C0020B473 /* World.swift in Sources */ = {isa = PBXBuildFile; fileRef = DEF58F0122874D7C0020B473 /* World.swift */; };
		DEF58F0422874FA50020B473 /* UnitController.swift in Sources */ = {isa = PBXBuildFile; fileRef = DEF58F0322874FA50020B473 /* UnitController.swift */; };
		DEF661EA2365E67100EDF9BB /* UnitInfoView.swift in Sources */ = {isa = PBXBuildFile; fileRef = DEF661E92365E67100EDF9BB /* UnitInfoView.swift */; };
		DEF661EC2365E69700EDF9BB /* CityInfoView.swift in Sources */ = {isa = PBXBuildFile; fileRef = DEF661EB2365E69700EDF9BB /* CityInfoView.swift */; };
		DEF661EE2365E6D400EDF9BB /* TileInfoLabel.swift in Sources */ = {isa = PBXBuildFile; fileRef = DEF661ED2365E6D400EDF9BB /* TileInfoLabel.swift */; };
		DEFFE28122587EDE00D9AE5A /* HexMapController.swift in Sources */ = {isa = PBXBuildFile; fileRef = DEFFE28022587EDE00D9AE5A /* HexMapController.swift */; };
		DEFFE2832258B5C400D9AE5A /* CGPoint+Extension.swift in Sources */ = {isa = PBXBuildFile; fileRef = DEFFE2822258B5C400D9AE5A /* CGPoint+Extension.swift */; };
/* End PBXBuildFile section */

/* Begin PBXContainerItemProxy section */
		DE13AD1C2257DF5800136AFE /* PBXContainerItemProxy */ = {
			isa = PBXContainerItemProxy;
			containerPortal = DE13ACFB2257DF5600136AFE /* Project object */;
			proxyType = 1;
			remoteGlobalIDString = DE13AD022257DF5600136AFE;
			remoteInfo = "Hex Engine";
		};
/* End PBXContainerItemProxy section */

/* Begin PBXFileReference section */
		DE0CE0CF238049190009B3A1 /* PlayersView.swift */ = {isa = PBXFileReference; lastKnownFileType = sourcecode.swift; path = PlayersView.swift; sourceTree = "<group>"; };
		DE0DE0662420E38F0077D5EE /* MovementComponent.swift */ = {isa = PBXFileReference; lastKnownFileType = sourcecode.swift; path = MovementComponent.swift; sourceTree = "<group>"; };
		DE0DE0682420E5F80077D5EE /* Component.swift */ = {isa = PBXFileReference; lastKnownFileType = sourcecode.swift; path = Component.swift; sourceTree = "<group>"; };
		DE0DE06A2420FCEF0077D5EE /* Entity.swift */ = {isa = PBXFileReference; lastKnownFileType = sourcecode.swift; path = Entity.swift; sourceTree = "<group>"; };
		DE12FB422392928A00A58357 /* AI.swift */ = {isa = PBXFileReference; lastKnownFileType = sourcecode.swift; path = AI.swift; sourceTree = "<group>"; };
		DE13AD032257DF5600136AFE /* Hex Engine.app */ = {isa = PBXFileReference; explicitFileType = wrapper.application; includeInIndex = 0; path = "Hex Engine.app"; sourceTree = BUILT_PRODUCTS_DIR; };
		DE13AD062257DF5600136AFE /* AppDelegate.swift */ = {isa = PBXFileReference; lastKnownFileType = sourcecode.swift; path = AppDelegate.swift; sourceTree = "<group>"; };
		DE13AD0C2257DF5600136AFE /* HexMapScene.swift */ = {isa = PBXFileReference; lastKnownFileType = sourcecode.swift; path = HexMapScene.swift; sourceTree = "<group>"; };
		DE13AD0E2257DF5600136AFE /* ViewController.swift */ = {isa = PBXFileReference; lastKnownFileType = sourcecode.swift; path = ViewController.swift; sourceTree = "<group>"; };
		DE13AD102257DF5800136AFE /* Assets.xcassets */ = {isa = PBXFileReference; lastKnownFileType = folder.assetcatalog; path = Assets.xcassets; sourceTree = "<group>"; };
		DE13AD132257DF5800136AFE /* Base */ = {isa = PBXFileReference; lastKnownFileType = file.storyboard; name = Base; path = Base.lproj/Main.storyboard; sourceTree = "<group>"; };
		DE13AD152257DF5800136AFE /* Info.plist */ = {isa = PBXFileReference; lastKnownFileType = text.plist.xml; path = Info.plist; sourceTree = "<group>"; };
		DE13AD162257DF5800136AFE /* Hex_Engine.entitlements */ = {isa = PBXFileReference; lastKnownFileType = text.plist.entitlements; path = Hex_Engine.entitlements; sourceTree = "<group>"; };
		DE13AD1B2257DF5800136AFE /* Hex EngineTests.xctest */ = {isa = PBXFileReference; explicitFileType = wrapper.cfbundle; includeInIndex = 0; path = "Hex EngineTests.xctest"; sourceTree = BUILT_PRODUCTS_DIR; };
		DE13AD1F2257DF5800136AFE /* Hex_EngineTests.swift */ = {isa = PBXFileReference; lastKnownFileType = sourcecode.swift; path = Hex_EngineTests.swift; sourceTree = "<group>"; };
		DE13AD212257DF5800136AFE /* Info.plist */ = {isa = PBXFileReference; lastKnownFileType = text.plist.xml; path = Info.plist; sourceTree = "<group>"; };
		DE19C3B3238AAF1300BC4034 /* UnitSprite.swift */ = {isa = PBXFileReference; lastKnownFileType = sourcecode.swift; path = UnitSprite.swift; sourceTree = "<group>"; };
		DE19C3B5238AB40C00BC4034 /* CitySprite.swift */ = {isa = PBXFileReference; lastKnownFileType = sourcecode.swift; path = CitySprite.swift; sourceTree = "<group>"; };
		DE19C3B9238AD46500BC4034 /* TileSprite.swift */ = {isa = PBXFileReference; lastKnownFileType = sourcecode.swift; path = TileSprite.swift; sourceTree = "<group>"; };
		DE24EA4824225E430071D0C2 /* SettlerComponent.swift */ = {isa = PBXFileReference; lastKnownFileType = sourcecode.swift; path = SettlerComponent.swift; sourceTree = "<group>"; };
		DE24EA4B242260A30071D0C2 /* HealthComponent.swift */ = {isa = PBXFileReference; lastKnownFileType = sourcecode.swift; path = HealthComponent.swift; sourceTree = "<group>"; };
		DE24EA4D242357140071D0C2 /* AttackComponent.swift */ = {isa = PBXFileReference; lastKnownFileType = sourcecode.swift; path = AttackComponent.swift; sourceTree = "<group>"; };
		DE3A71EC24266F5B00C48421 /* ComponentWrapper.swift */ = {isa = PBXFileReference; lastKnownFileType = sourcecode.swift; path = ComponentWrapper.swift; sourceTree = "<group>"; };
		DE3A71F324269BD100C48421 /* Components+Codable.swift */ = {isa = PBXFileReference; lastKnownFileType = sourcecode.swift; path = "Components+Codable.swift"; sourceTree = "<group>"; };
		DE3A71FF24269CDB00C48421 /* Unit+Codable.swift */ = {isa = PBXFileReference; lastKnownFileType = sourcecode.swift; path = "Unit+Codable.swift"; sourceTree = "<group>"; };
		DE3A720124269D2900C48421 /* City+Codable.swift */ = {isa = PBXFileReference; lastKnownFileType = sourcecode.swift; path = "City+Codable.swift"; sourceTree = "<group>"; };
		DE538AE4225DED11007104A9 /* HexMapTests.swift */ = {isa = PBXFileReference; lastKnownFileType = sourcecode.swift; path = HexMapTests.swift; sourceTree = "<group>"; };
		DE64F7B1237EDE2000C921ED /* Player.swift */ = {isa = PBXFileReference; lastKnownFileType = sourcecode.swift; path = Player.swift; sourceTree = "<group>"; };
		DE67A86D236052D500A858D0 /* CityController.swift */ = {isa = PBXFileReference; lastKnownFileType = sourcecode.swift; path = CityController.swift; sourceTree = "<group>"; };
		DE67A86F2360536200A858D0 /* City.swift */ = {isa = PBXFileReference; lastKnownFileType = sourcecode.swift; path = City.swift; sourceTree = "<group>"; };
		DE67A87123605CC400A858D0 /* SKNode+Extension.swift */ = {isa = PBXFileReference; lastKnownFileType = sourcecode.swift; path = "SKNode+Extension.swift"; sourceTree = "<group>"; };
		DE6BE6262257E0F20027380C /* HexMap.swift */ = {isa = PBXFileReference; lastKnownFileType = sourcecode.swift; path = HexMap.swift; sourceTree = "<group>"; };
		DE75E35D235A376B0018F1F9 /* Command.swift */ = {isa = PBXFileReference; lastKnownFileType = sourcecode.swift; path = Command.swift; sourceTree = "<group>"; };
		DE75E383235B41490018F1F9 /* WorldTests.swift */ = {isa = PBXFileReference; lastKnownFileType = sourcecode.swift; path = WorldTests.swift; sourceTree = "<group>"; };
		DE75E385235B416F0018F1F9 /* CommandTests.swift */ = {isa = PBXFileReference; lastKnownFileType = sourcecode.swift; path = CommandTests.swift; sourceTree = "<group>"; };
		DE78AD8F24222F5700A45C01 /* BuildComponent.swift */ = {isa = PBXFileReference; lastKnownFileType = sourcecode.swift; path = BuildComponent.swift; sourceTree = "<group>"; };
		DE8EE9B7242F647E00F806A6 /* GrowthComponent.swift */ = {isa = PBXFileReference; lastKnownFileType = sourcecode.swift; path = GrowthComponent.swift; sourceTree = "<group>"; };
		DEAE7FD8243A1A7300C76181 /* LensController.swift */ = {isa = PBXFileReference; lastKnownFileType = sourcecode.swift; path = LensController.swift; sourceTree = "<group>"; };
		DEAE7FDA243B1DD300C76181 /* LensSprite.swift */ = {isa = PBXFileReference; lastKnownFileType = sourcecode.swift; path = LensSprite.swift; sourceTree = "<group>"; };
		DEB0A4DA242A0FC6004E11DF /* UnitTests.swift */ = {isa = PBXFileReference; lastKnownFileType = sourcecode.swift; path = UnitTests.swift; sourceTree = "<group>"; };
		DEB0A4DC242A118A004E11DF /* EntityTests.swift */ = {isa = PBXFileReference; lastKnownFileType = sourcecode.swift; path = EntityTests.swift; sourceTree = "<group>"; };
		DEB0A9A0226218AB005770B2 /* WorldFactory.swift */ = {isa = PBXFileReference; lastKnownFileType = sourcecode.swift; path = WorldFactory.swift; sourceTree = "<group>"; };
		DEB1AD74243C89B00069BC42 /* WorldBox.swift */ = {isa = PBXFileReference; lastKnownFileType = sourcecode.swift; path = WorldBox.swift; sourceTree = "<group>"; };
		DEB540FB236DC08E00D03062 /* CommandWrapper.swift */ = {isa = PBXFileReference; lastKnownFileType = sourcecode.swift; path = CommandWrapper.swift; sourceTree = "<group>"; };
		DEC545942427865300D68FDE /* AutoExploreComponent.swift */ = {isa = PBXFileReference; lastKnownFileType = sourcecode.swift; path = AutoExploreComponent.swift; sourceTree = "<group>"; };
		DECCAD8322665E7C002D820E /* Double+Extension.swift */ = {isa = PBXFileReference; lastKnownFileType = sourcecode.swift; path = "Double+Extension.swift"; sourceTree = "<group>"; };
		DED64EC224387AE800330556 /* CombineTest.swift */ = {isa = PBXFileReference; lastKnownFileType = sourcecode.swift; path = CombineTest.swift; sourceTree = "<group>"; };
		DEEB5F612428B18B00669C95 /* TestUtilities.swift */ = {isa = PBXFileReference; lastKnownFileType = sourcecode.swift; path = TestUtilities.swift; sourceTree = "<group>"; };
		DEEB5F632428CE7100669C95 /* ComponentTests.swift */ = {isa = PBXFileReference; lastKnownFileType = sourcecode.swift; path = ComponentTests.swift; sourceTree = "<group>"; };
		DEEDE7AC23816193005E7613 /* PlayerTests.swift */ = {isa = PBXFileReference; lastKnownFileType = sourcecode.swift; path = PlayerTests.swift; sourceTree = "<group>"; };
		DEEDE7AE23817888005E7613 /* TitleScreenView.swift */ = {isa = PBXFileReference; lastKnownFileType = sourcecode.swift; path = TitleScreenView.swift; sourceTree = "<group>"; };
		DEF487352364B48F001E47A5 /* SwiftUIGUI.swift */ = {isa = PBXFileReference; lastKnownFileType = sourcecode.swift; path = SwiftUIGUI.swift; sourceTree = "<group>"; };
		DEF58EFE22874CCD0020B473 /* Unit.swift */ = {isa = PBXFileReference; lastKnownFileType = sourcecode.swift; path = Unit.swift; sourceTree = "<group>"; };
		DEF58F0122874D7C0020B473 /* World.swift */ = {isa = PBXFileReference; lastKnownFileType = sourcecode.swift; path = World.swift; sourceTree = "<group>"; };
		DEF58F0322874FA50020B473 /* UnitController.swift */ = {isa = PBXFileReference; lastKnownFileType = sourcecode.swift; path = UnitController.swift; sourceTree = "<group>"; };
		DEF661E92365E67100EDF9BB /* UnitInfoView.swift */ = {isa = PBXFileReference; lastKnownFileType = sourcecode.swift; path = UnitInfoView.swift; sourceTree = "<group>"; };
		DEF661EB2365E69700EDF9BB /* CityInfoView.swift */ = {isa = PBXFileReference; lastKnownFileType = sourcecode.swift; path = CityInfoView.swift; sourceTree = "<group>"; };
		DEF661ED2365E6D400EDF9BB /* TileInfoLabel.swift */ = {isa = PBXFileReference; lastKnownFileType = sourcecode.swift; path = TileInfoLabel.swift; sourceTree = "<group>"; };
		DEFFE28022587EDE00D9AE5A /* HexMapController.swift */ = {isa = PBXFileReference; lastKnownFileType = sourcecode.swift; path = HexMapController.swift; sourceTree = "<group>"; };
		DEFFE2822258B5C400D9AE5A /* CGPoint+Extension.swift */ = {isa = PBXFileReference; lastKnownFileType = sourcecode.swift; path = "CGPoint+Extension.swift"; sourceTree = "<group>"; };
/* End PBXFileReference section */

/* Begin PBXFrameworksBuildPhase section */
		DE13AD002257DF5600136AFE /* Frameworks */ = {
			isa = PBXFrameworksBuildPhase;
			buildActionMask = 2147483647;
			files = (
			);
			runOnlyForDeploymentPostprocessing = 0;
		};
		DE13AD182257DF5800136AFE /* Frameworks */ = {
			isa = PBXFrameworksBuildPhase;
			buildActionMask = 2147483647;
			files = (
			);
			runOnlyForDeploymentPostprocessing = 0;
		};
/* End PBXFrameworksBuildPhase section */

/* Begin PBXGroup section */
		DE0DE0652420E3620077D5EE /* ECS */ = {
			isa = PBXGroup;
			children = (
				DE24EA4A242260860071D0C2 /* Components */,
				DE0DE0682420E5F80077D5EE /* Component.swift */,
				DE0DE06A2420FCEF0077D5EE /* Entity.swift */,
			);
			path = ECS;
			sourceTree = "<group>";
		};
		DE13ACFA2257DF5600136AFE = {
			isa = PBXGroup;
			children = (
				DE13AD052257DF5600136AFE /* Hex Engine */,
				DE13AD1E2257DF5800136AFE /* Hex EngineTests */,
				DE13AD042257DF5600136AFE /* Products */,
			);
			sourceTree = "<group>";
		};
		DE13AD042257DF5600136AFE /* Products */ = {
			isa = PBXGroup;
			children = (
				DE13AD032257DF5600136AFE /* Hex Engine.app */,
				DE13AD1B2257DF5800136AFE /* Hex EngineTests.xctest */,
			);
			name = Products;
			sourceTree = "<group>";
		};
		DE13AD052257DF5600136AFE /* Hex Engine */ = {
			isa = PBXGroup;
			children = (
				DEA62F6E2348C2A7004BCF8B /* Views */,
				DEFFE27F22587EB700D9AE5A /* Controllers */,
				DE6FEBB92257EA9000F1E495 /* Model */,
				DE13AD2A2257DF9B00136AFE /* SKExtensions */,
				DE13AD062257DF5600136AFE /* AppDelegate.swift */,
				DE13AD0C2257DF5600136AFE /* HexMapScene.swift */,
				DE13AD0E2257DF5600136AFE /* ViewController.swift */,
				DE13AD102257DF5800136AFE /* Assets.xcassets */,
				DE13AD122257DF5800136AFE /* Main.storyboard */,
				DE13AD152257DF5800136AFE /* Info.plist */,
				DE13AD162257DF5800136AFE /* Hex_Engine.entitlements */,
			);
			path = "Hex Engine";
			sourceTree = "<group>";
		};
		DE13AD1E2257DF5800136AFE /* Hex EngineTests */ = {
			isa = PBXGroup;
			children = (
				DEEB5F612428B18B00669C95 /* TestUtilities.swift */,
				DE13AD1F2257DF5800136AFE /* Hex_EngineTests.swift */,
				DE13AD212257DF5800136AFE /* Info.plist */,
				DE538AE4225DED11007104A9 /* HexMapTests.swift */,
				DE75E383235B41490018F1F9 /* WorldTests.swift */,
				DE75E385235B416F0018F1F9 /* CommandTests.swift */,
				DEEDE7AC23816193005E7613 /* PlayerTests.swift */,
				DEEB5F632428CE7100669C95 /* ComponentTests.swift */,
				DEB0A4DA242A0FC6004E11DF /* UnitTests.swift */,
				DEB0A4DC242A118A004E11DF /* EntityTests.swift */,
				DED64EC224387AE800330556 /* CombineTest.swift */,
			);
			path = "Hex EngineTests";
			sourceTree = "<group>";
		};
		DE13AD2A2257DF9B00136AFE /* SKExtensions */ = {
			isa = PBXGroup;
			children = (
				DEFFE2822258B5C400D9AE5A /* CGPoint+Extension.swift */,
				DECCAD8322665E7C002D820E /* Double+Extension.swift */,
				DE67A87123605CC400A858D0 /* SKNode+Extension.swift */,
			);
			path = SKExtensions;
			sourceTree = "<group>";
		};
		DE19C3B7238AD42400BC4034 /* GUI */ = {
			isa = PBXGroup;
			children = (
				DEF487352364B48F001E47A5 /* SwiftUIGUI.swift */,
				DEF661E92365E67100EDF9BB /* UnitInfoView.swift */,
				DEF661EB2365E69700EDF9BB /* CityInfoView.swift */,
				DEF661ED2365E6D400EDF9BB /* TileInfoLabel.swift */,
				DE0CE0CF238049190009B3A1 /* PlayersView.swift */,
			);
			path = GUI;
			sourceTree = "<group>";
		};
		DE19C3B8238AD43E00BC4034 /* Sprites */ = {
			isa = PBXGroup;
			children = (
				DE19C3B3238AAF1300BC4034 /* UnitSprite.swift */,
				DE19C3B5238AB40C00BC4034 /* CitySprite.swift */,
				DE19C3B9238AD46500BC4034 /* TileSprite.swift */,
				DEAE7FDA243B1DD300C76181 /* LensSprite.swift */,
			);
			path = Sprites;
			sourceTree = "<group>";
		};
		DE24EA4A242260860071D0C2 /* Components */ = {
			isa = PBXGroup;
			children = (
				DE24EA4D242357140071D0C2 /* AttackComponent.swift */,
				DEC545942427865300D68FDE /* AutoExploreComponent.swift */,
				DE78AD8F24222F5700A45C01 /* BuildComponent.swift */,
				DE24EA4B242260A30071D0C2 /* HealthComponent.swift */,
				DE0DE0662420E38F0077D5EE /* MovementComponent.swift */,
				DE24EA4824225E430071D0C2 /* SettlerComponent.swift */,
				DE8EE9B7242F647E00F806A6 /* GrowthComponent.swift */,
			);
			path = Components;
			sourceTree = "<group>";
		};
		DE3A71EE2426727600C48421 /* Codable */ = {
			isa = PBXGroup;
			children = (
				DE3A71EC24266F5B00C48421 /* ComponentWrapper.swift */,
				DEB540FB236DC08E00D03062 /* CommandWrapper.swift */,
				DE3A71F324269BD100C48421 /* Components+Codable.swift */,
				DE3A71FF24269CDB00C48421 /* Unit+Codable.swift */,
				DE3A720124269D2900C48421 /* City+Codable.swift */,
			);
			path = Codable;
			sourceTree = "<group>";
		};
		DE6FEBB92257EA9000F1E495 /* Model */ = {
			isa = PBXGroup;
			children = (
				DE3A71EE2426727600C48421 /* Codable */,
				DE0DE0652420E3620077D5EE /* ECS */,
				DE12FB422392928A00A58357 /* AI.swift */,
				DE67A86F2360536200A858D0 /* City.swift */,
				DE75E35D235A376B0018F1F9 /* Command.swift */,
				DE6BE6262257E0F20027380C /* HexMap.swift */,
				DE64F7B1237EDE2000C921ED /* Player.swift */,
				DEF58EFE22874CCD0020B473 /* Unit.swift */,
				DEF58F0122874D7C0020B473 /* World.swift */,
				DEB0A9A0226218AB005770B2 /* WorldFactory.swift */,
				DEB1AD74243C89B00069BC42 /* WorldBox.swift */,
			);
			path = Model;
			sourceTree = "<group>";
		};
		DEA62F6E2348C2A7004BCF8B /* Views */ = {
			isa = PBXGroup;
			children = (
				DE19C3B8238AD43E00BC4034 /* Sprites */,
				DE19C3B7238AD42400BC4034 /* GUI */,
				DEEDE7AE23817888005E7613 /* TitleScreenView.swift */,
			);
			path = Views;
			sourceTree = "<group>";
		};
		DEFFE27F22587EB700D9AE5A /* Controllers */ = {
			isa = PBXGroup;
			children = (
				DEFFE28022587EDE00D9AE5A /* HexMapController.swift */,
				DEF58F0322874FA50020B473 /* UnitController.swift */,
				DE67A86D236052D500A858D0 /* CityController.swift */,
				DEAE7FD8243A1A7300C76181 /* LensController.swift */,
			);
			path = Controllers;
			sourceTree = "<group>";
		};
/* End PBXGroup section */

/* Begin PBXNativeTarget section */
		DE13AD022257DF5600136AFE /* Hex Engine */ = {
			isa = PBXNativeTarget;
			buildConfigurationList = DE13AD242257DF5800136AFE /* Build configuration list for PBXNativeTarget "Hex Engine" */;
			buildPhases = (
				DE13ACFF2257DF5600136AFE /* Sources */,
				DE13AD002257DF5600136AFE /* Frameworks */,
				DE13AD012257DF5600136AFE /* Resources */,
			);
			buildRules = (
			);
			dependencies = (
			);
			name = "Hex Engine";
			productName = "Hex Engine";
			productReference = DE13AD032257DF5600136AFE /* Hex Engine.app */;
			productType = "com.apple.product-type.application";
		};
		DE13AD1A2257DF5800136AFE /* Hex EngineTests */ = {
			isa = PBXNativeTarget;
			buildConfigurationList = DE13AD272257DF5800136AFE /* Build configuration list for PBXNativeTarget "Hex EngineTests" */;
			buildPhases = (
				DE13AD172257DF5800136AFE /* Sources */,
				DE13AD182257DF5800136AFE /* Frameworks */,
				DE13AD192257DF5800136AFE /* Resources */,
			);
			buildRules = (
			);
			dependencies = (
				DE13AD1D2257DF5800136AFE /* PBXTargetDependency */,
			);
			name = "Hex EngineTests";
			productName = "Hex EngineTests";
			productReference = DE13AD1B2257DF5800136AFE /* Hex EngineTests.xctest */;
			productType = "com.apple.product-type.bundle.unit-test";
		};
/* End PBXNativeTarget section */

/* Begin PBXProject section */
		DE13ACFB2257DF5600136AFE /* Project object */ = {
			isa = PBXProject;
			attributes = {
				LastSwiftUpdateCheck = 1020;
				LastUpgradeCheck = 1100;
				ORGANIZATIONNAME = thedreamweb;
				TargetAttributes = {
					DE13AD022257DF5600136AFE = {
						CreatedOnToolsVersion = 10.2;
					};
					DE13AD1A2257DF5800136AFE = {
						CreatedOnToolsVersion = 10.2;
						TestTargetID = DE13AD022257DF5600136AFE;
					};
				};
			};
			buildConfigurationList = DE13ACFE2257DF5600136AFE /* Build configuration list for PBXProject "Hex Engine" */;
			compatibilityVersion = "Xcode 9.3";
			developmentRegion = en;
			hasScannedForEncodings = 0;
			knownRegions = (
				en,
				Base,
			);
			mainGroup = DE13ACFA2257DF5600136AFE;
			productRefGroup = DE13AD042257DF5600136AFE /* Products */;
			projectDirPath = "";
			projectRoot = "";
			targets = (
				DE13AD022257DF5600136AFE /* Hex Engine */,
				DE13AD1A2257DF5800136AFE /* Hex EngineTests */,
			);
		};
/* End PBXProject section */

/* Begin PBXResourcesBuildPhase section */
		DE13AD012257DF5600136AFE /* Resources */ = {
			isa = PBXResourcesBuildPhase;
			buildActionMask = 2147483647;
			files = (
				DE13AD112257DF5800136AFE /* Assets.xcassets in Resources */,
				DE13AD142257DF5800136AFE /* Main.storyboard in Resources */,
			);
			runOnlyForDeploymentPostprocessing = 0;
		};
		DE13AD192257DF5800136AFE /* Resources */ = {
			isa = PBXResourcesBuildPhase;
			buildActionMask = 2147483647;
			files = (
			);
			runOnlyForDeploymentPostprocessing = 0;
		};
/* End PBXResourcesBuildPhase section */

/* Begin PBXSourcesBuildPhase section */
		DE13ACFF2257DF5600136AFE /* Sources */ = {
			isa = PBXSourcesBuildPhase;
			buildActionMask = 2147483647;
			files = (
				DE13AD0F2257DF5600136AFE /* ViewController.swift in Sources */,
				DE24EA4924225E430071D0C2 /* SettlerComponent.swift in Sources */,
				DEAE7FDB243B1DD300C76181 /* LensSprite.swift in Sources */,
				DE13AD0D2257DF5600136AFE /* HexMapScene.swift in Sources */,
				DE67A87223605CC400A858D0 /* SKNode+Extension.swift in Sources */,
				DEAE7FD9243A1A7300C76181 /* LensController.swift in Sources */,
				DE0DE0692420E5F80077D5EE /* Component.swift in Sources */,
				DEF661EA2365E67100EDF9BB /* UnitInfoView.swift in Sources */,
				DECCAD8422665E7C002D820E /* Double+Extension.swift in Sources */,
				DE19C3B4238AAF1300BC4034 /* UnitSprite.swift in Sources */,
				DEB1AD75243C89B00069BC42 /* WorldBox.swift in Sources */,
				DE6BE6272257E0F20027380C /* HexMap.swift in Sources */,
				DE19C3BA238AD46500BC4034 /* TileSprite.swift in Sources */,
				DE78AD9024222F5700A45C01 /* BuildComponent.swift in Sources */,
				DEFFE2832258B5C400D9AE5A /* CGPoint+Extension.swift in Sources */,
				DE12FB432392928A00A58357 /* AI.swift in Sources */,
				DE24EA4C242260A30071D0C2 /* HealthComponent.swift in Sources */,
				DE8EE9B8242F647E00F806A6 /* GrowthComponent.swift in Sources */,
				DEF58F0222874D7C0020B473 /* World.swift in Sources */,
				DE67A86E236052D500A858D0 /* CityController.swift in Sources */,
				DE3A71ED24266F5B00C48421 /* ComponentWrapper.swift in Sources */,
				DE75E35F235A3D0A0018F1F9 /* Command.swift in Sources */,
				DEF58EFF22874CCD0020B473 /* Unit.swift in Sources */,
				DEC545952427865300D68FDE /* AutoExploreComponent.swift in Sources */,
				DE0DE0672420E38F0077D5EE /* MovementComponent.swift in Sources */,
				DEF487362364B48F001E47A5 /* SwiftUIGUI.swift in Sources */,
				DE19C3B6238AB40C00BC4034 /* CitySprite.swift in Sources */,
				DEB0A9A1226218AB005770B2 /* WorldFactory.swift in Sources */,
				DEF661EE2365E6D400EDF9BB /* TileInfoLabel.swift in Sources */,
				DE3A720024269CDB00C48421 /* Unit+Codable.swift in Sources */,
				DEF661EC2365E69700EDF9BB /* CityInfoView.swift in Sources */,
				DE0DE06B2420FCEF0077D5EE /* Entity.swift in Sources */,
				DE64F7B2237EDE2000C921ED /* Player.swift in Sources */,
				DE24EA4E242357140071D0C2 /* AttackComponent.swift in Sources */,
				DEFFE28122587EDE00D9AE5A /* HexMapController.swift in Sources */,
				DE13AD072257DF5600136AFE /* AppDelegate.swift in Sources */,
				DE0CE0D0238049190009B3A1 /* PlayersView.swift in Sources */,
				DEEDE7AF23817888005E7613 /* TitleScreenView.swift in Sources */,
				DEF58F0422874FA50020B473 /* UnitController.swift in Sources */,
				DE67A8702360536200A858D0 /* City.swift in Sources */,
				DE3A71F424269BD100C48421 /* Components+Codable.swift in Sources */,
				DEB540FC236DC08E00D03062 /* CommandWrapper.swift in Sources */,
				DE3A720224269D2900C48421 /* City+Codable.swift in Sources */,
			);
			runOnlyForDeploymentPostprocessing = 0;
		};
		DE13AD172257DF5800136AFE /* Sources */ = {
			isa = PBXSourcesBuildPhase;
			buildActionMask = 2147483647;
			files = (
				DEEB5F622428B18B00669C95 /* TestUtilities.swift in Sources */,
				DEEDE7AD23816193005E7613 /* PlayerTests.swift in Sources */,
				DE75E384235B41490018F1F9 /* WorldTests.swift in Sources */,
				DE538AE5225DED11007104A9 /* HexMapTests.swift in Sources */,
				DEB0A4DD242A118A004E11DF /* EntityTests.swift in Sources */,
				DE13AD202257DF5800136AFE /* Hex_EngineTests.swift in Sources */,
				DEB0A4DB242A0FC6004E11DF /* UnitTests.swift in Sources */,
				DED64EC324387AE800330556 /* CombineTest.swift in Sources */,
				DEEB5F642428CE7100669C95 /* ComponentTests.swift in Sources */,
				DE75E386235B416F0018F1F9 /* CommandTests.swift in Sources */,
			);
			runOnlyForDeploymentPostprocessing = 0;
		};
/* End PBXSourcesBuildPhase section */

/* Begin PBXTargetDependency section */
		DE13AD1D2257DF5800136AFE /* PBXTargetDependency */ = {
			isa = PBXTargetDependency;
			target = DE13AD022257DF5600136AFE /* Hex Engine */;
			targetProxy = DE13AD1C2257DF5800136AFE /* PBXContainerItemProxy */;
		};
/* End PBXTargetDependency section */

/* Begin PBXVariantGroup section */
		DE13AD122257DF5800136AFE /* Main.storyboard */ = {
			isa = PBXVariantGroup;
			children = (
				DE13AD132257DF5800136AFE /* Base */,
			);
			name = Main.storyboard;
			sourceTree = "<group>";
		};
/* End PBXVariantGroup section */

/* Begin XCBuildConfiguration section */
		DE13AD222257DF5800136AFE /* Debug */ = {
			isa = XCBuildConfiguration;
			buildSettings = {
				ALWAYS_SEARCH_USER_PATHS = NO;
				CLANG_ANALYZER_NONNULL = YES;
				CLANG_ANALYZER_NUMBER_OBJECT_CONVERSION = YES_AGGRESSIVE;
				CLANG_CXX_LANGUAGE_STANDARD = "gnu++14";
				CLANG_CXX_LIBRARY = "libc++";
				CLANG_ENABLE_MODULES = YES;
				CLANG_ENABLE_OBJC_ARC = YES;
				CLANG_ENABLE_OBJC_WEAK = YES;
				CLANG_WARN_BLOCK_CAPTURE_AUTORELEASING = YES;
				CLANG_WARN_BOOL_CONVERSION = YES;
				CLANG_WARN_COMMA = YES;
				CLANG_WARN_CONSTANT_CONVERSION = YES;
				CLANG_WARN_DEPRECATED_OBJC_IMPLEMENTATIONS = YES;
				CLANG_WARN_DIRECT_OBJC_ISA_USAGE = YES_ERROR;
				CLANG_WARN_DOCUMENTATION_COMMENTS = YES;
				CLANG_WARN_EMPTY_BODY = YES;
				CLANG_WARN_ENUM_CONVERSION = YES;
				CLANG_WARN_INFINITE_RECURSION = YES;
				CLANG_WARN_INT_CONVERSION = YES;
				CLANG_WARN_NON_LITERAL_NULL_CONVERSION = YES;
				CLANG_WARN_OBJC_IMPLICIT_RETAIN_SELF = YES;
				CLANG_WARN_OBJC_LITERAL_CONVERSION = YES;
				CLANG_WARN_OBJC_ROOT_CLASS = YES_ERROR;
				CLANG_WARN_RANGE_LOOP_ANALYSIS = YES;
				CLANG_WARN_STRICT_PROTOTYPES = YES;
				CLANG_WARN_SUSPICIOUS_MOVE = YES;
				CLANG_WARN_UNGUARDED_AVAILABILITY = YES_AGGRESSIVE;
				CLANG_WARN_UNREACHABLE_CODE = YES;
				CLANG_WARN__DUPLICATE_METHOD_MATCH = YES;
				CODE_SIGN_IDENTITY = "Mac Developer";
				COPY_PHASE_STRIP = NO;
				DEBUG_INFORMATION_FORMAT = dwarf;
				ENABLE_STRICT_OBJC_MSGSEND = YES;
				ENABLE_TESTABILITY = YES;
				GCC_C_LANGUAGE_STANDARD = gnu11;
				GCC_DYNAMIC_NO_PIC = NO;
				GCC_NO_COMMON_BLOCKS = YES;
				GCC_OPTIMIZATION_LEVEL = 0;
				GCC_PREPROCESSOR_DEFINITIONS = (
					"DEBUG=1",
					"$(inherited)",
				);
				GCC_WARN_64_TO_32_BIT_CONVERSION = YES;
				GCC_WARN_ABOUT_RETURN_TYPE = YES_ERROR;
				GCC_WARN_UNDECLARED_SELECTOR = YES;
				GCC_WARN_UNINITIALIZED_AUTOS = YES_AGGRESSIVE;
				GCC_WARN_UNUSED_FUNCTION = YES;
				GCC_WARN_UNUSED_VARIABLE = YES;
				MACOSX_DEPLOYMENT_TARGET = 10.15;
				MTL_ENABLE_DEBUG_INFO = INCLUDE_SOURCE;
				MTL_FAST_MATH = YES;
				ONLY_ACTIVE_ARCH = YES;
				SDKROOT = macosx;
				SWIFT_ACTIVE_COMPILATION_CONDITIONS = DEBUG;
				SWIFT_OPTIMIZATION_LEVEL = "-Onone";
			};
			name = Debug;
		};
		DE13AD232257DF5800136AFE /* Release */ = {
			isa = XCBuildConfiguration;
			buildSettings = {
				ALWAYS_SEARCH_USER_PATHS = NO;
				CLANG_ANALYZER_NONNULL = YES;
				CLANG_ANALYZER_NUMBER_OBJECT_CONVERSION = YES_AGGRESSIVE;
				CLANG_CXX_LANGUAGE_STANDARD = "gnu++14";
				CLANG_CXX_LIBRARY = "libc++";
				CLANG_ENABLE_MODULES = YES;
				CLANG_ENABLE_OBJC_ARC = YES;
				CLANG_ENABLE_OBJC_WEAK = YES;
				CLANG_WARN_BLOCK_CAPTURE_AUTORELEASING = YES;
				CLANG_WARN_BOOL_CONVERSION = YES;
				CLANG_WARN_COMMA = YES;
				CLANG_WARN_CONSTANT_CONVERSION = YES;
				CLANG_WARN_DEPRECATED_OBJC_IMPLEMENTATIONS = YES;
				CLANG_WARN_DIRECT_OBJC_ISA_USAGE = YES_ERROR;
				CLANG_WARN_DOCUMENTATION_COMMENTS = YES;
				CLANG_WARN_EMPTY_BODY = YES;
				CLANG_WARN_ENUM_CONVERSION = YES;
				CLANG_WARN_INFINITE_RECURSION = YES;
				CLANG_WARN_INT_CONVERSION = YES;
				CLANG_WARN_NON_LITERAL_NULL_CONVERSION = YES;
				CLANG_WARN_OBJC_IMPLICIT_RETAIN_SELF = YES;
				CLANG_WARN_OBJC_LITERAL_CONVERSION = YES;
				CLANG_WARN_OBJC_ROOT_CLASS = YES_ERROR;
				CLANG_WARN_RANGE_LOOP_ANALYSIS = YES;
				CLANG_WARN_STRICT_PROTOTYPES = YES;
				CLANG_WARN_SUSPICIOUS_MOVE = YES;
				CLANG_WARN_UNGUARDED_AVAILABILITY = YES_AGGRESSIVE;
				CLANG_WARN_UNREACHABLE_CODE = YES;
				CLANG_WARN__DUPLICATE_METHOD_MATCH = YES;
				CODE_SIGN_IDENTITY = "Mac Developer";
				COPY_PHASE_STRIP = NO;
				DEBUG_INFORMATION_FORMAT = "dwarf-with-dsym";
				ENABLE_NS_ASSERTIONS = NO;
				ENABLE_STRICT_OBJC_MSGSEND = YES;
				GCC_C_LANGUAGE_STANDARD = gnu11;
				GCC_NO_COMMON_BLOCKS = YES;
				GCC_WARN_64_TO_32_BIT_CONVERSION = YES;
				GCC_WARN_ABOUT_RETURN_TYPE = YES_ERROR;
				GCC_WARN_UNDECLARED_SELECTOR = YES;
				GCC_WARN_UNINITIALIZED_AUTOS = YES_AGGRESSIVE;
				GCC_WARN_UNUSED_FUNCTION = YES;
				GCC_WARN_UNUSED_VARIABLE = YES;
				MACOSX_DEPLOYMENT_TARGET = 10.15;
				MTL_ENABLE_DEBUG_INFO = NO;
				MTL_FAST_MATH = YES;
				SDKROOT = macosx;
				SWIFT_COMPILATION_MODE = wholemodule;
				SWIFT_OPTIMIZATION_LEVEL = "-O";
			};
			name = Release;
		};
		DE13AD252257DF5800136AFE /* Debug */ = {
			isa = XCBuildConfiguration;
			buildSettings = {
				ASSETCATALOG_COMPILER_APPICON_NAME = AppIcon;
				CODE_SIGN_ENTITLEMENTS = "Hex Engine/Hex_Engine.entitlements";
				CODE_SIGN_IDENTITY = "-";
				CODE_SIGN_STYLE = Automatic;
				COMBINE_HIDPI_IMAGES = YES;
				DEVELOPMENT_TEAM = ZXW8GTM6FG;
				INFOPLIST_FILE = "Hex Engine/Info.plist";
				LD_RUNPATH_SEARCH_PATHS = (
					"$(inherited)",
					"@executable_path/../Frameworks",
				);
				PRODUCT_BUNDLE_IDENTIFIER = "eu.thedreamweb.Hex-Engine";
				PRODUCT_NAME = "$(TARGET_NAME)";
				SWIFT_VERSION = 5.0;
			};
			name = Debug;
		};
		DE13AD262257DF5800136AFE /* Release */ = {
			isa = XCBuildConfiguration;
			buildSettings = {
				ASSETCATALOG_COMPILER_APPICON_NAME = AppIcon;
				CODE_SIGN_ENTITLEMENTS = "Hex Engine/Hex_Engine.entitlements";
				CODE_SIGN_IDENTITY = "-";
				CODE_SIGN_STYLE = Automatic;
				COMBINE_HIDPI_IMAGES = YES;
				DEVELOPMENT_TEAM = ZXW8GTM6FG;
				INFOPLIST_FILE = "Hex Engine/Info.plist";
				LD_RUNPATH_SEARCH_PATHS = (
					"$(inherited)",
					"@executable_path/../Frameworks",
				);
				PRODUCT_BUNDLE_IDENTIFIER = "eu.thedreamweb.Hex-Engine";
				PRODUCT_NAME = "$(TARGET_NAME)";
				SWIFT_VERSION = 5.0;
			};
			name = Release;
		};
		DE13AD282257DF5800136AFE /* Debug */ = {
			isa = XCBuildConfiguration;
			buildSettings = {
				ALWAYS_EMBED_SWIFT_STANDARD_LIBRARIES = YES;
				BUNDLE_LOADER = "$(TEST_HOST)";
				CODE_SIGN_STYLE = Automatic;
				COMBINE_HIDPI_IMAGES = YES;
				DEVELOPMENT_TEAM = ZXW8GTM6FG;
				INFOPLIST_FILE = "Hex EngineTests/Info.plist";
				LD_RUNPATH_SEARCH_PATHS = (
					"$(inherited)",
					"@executable_path/../Frameworks",
					"@loader_path/../Frameworks",
				);
				PRODUCT_BUNDLE_IDENTIFIER = "eu.thedreamweb.Hex-EngineTests";
				PRODUCT_NAME = "$(TARGET_NAME)";
				SWIFT_VERSION = 5.0;
				TEST_HOST = "$(BUILT_PRODUCTS_DIR)/Hex Engine.app/Contents/MacOS/Hex Engine";
			};
			name = Debug;
		};
		DE13AD292257DF5800136AFE /* Release */ = {
			isa = XCBuildConfiguration;
			buildSettings = {
				ALWAYS_EMBED_SWIFT_STANDARD_LIBRARIES = YES;
				BUNDLE_LOADER = "$(TEST_HOST)";
				CODE_SIGN_STYLE = Automatic;
				COMBINE_HIDPI_IMAGES = YES;
				DEVELOPMENT_TEAM = ZXW8GTM6FG;
				INFOPLIST_FILE = "Hex EngineTests/Info.plist";
				LD_RUNPATH_SEARCH_PATHS = (
					"$(inherited)",
					"@executable_path/../Frameworks",
					"@loader_path/../Frameworks",
				);
				PRODUCT_BUNDLE_IDENTIFIER = "eu.thedreamweb.Hex-EngineTests";
				PRODUCT_NAME = "$(TARGET_NAME)";
				SWIFT_VERSION = 5.0;
				TEST_HOST = "$(BUILT_PRODUCTS_DIR)/Hex Engine.app/Contents/MacOS/Hex Engine";
			};
			name = Release;
		};
/* End XCBuildConfiguration section */

/* Begin XCConfigurationList section */
		DE13ACFE2257DF5600136AFE /* Build configuration list for PBXProject "Hex Engine" */ = {
			isa = XCConfigurationList;
			buildConfigurations = (
				DE13AD222257DF5800136AFE /* Debug */,
				DE13AD232257DF5800136AFE /* Release */,
			);
			defaultConfigurationIsVisible = 0;
			defaultConfigurationName = Release;
		};
		DE13AD242257DF5800136AFE /* Build configuration list for PBXNativeTarget "Hex Engine" */ = {
			isa = XCConfigurationList;
			buildConfigurations = (
				DE13AD252257DF5800136AFE /* Debug */,
				DE13AD262257DF5800136AFE /* Release */,
			);
			defaultConfigurationIsVisible = 0;
			defaultConfigurationName = Release;
		};
		DE13AD272257DF5800136AFE /* Build configuration list for PBXNativeTarget "Hex EngineTests" */ = {
			isa = XCConfigurationList;
			buildConfigurations = (
				DE13AD282257DF5800136AFE /* Debug */,
				DE13AD292257DF5800136AFE /* Release */,
			);
			defaultConfigurationIsVisible = 0;
			defaultConfigurationName = Release;
		};
/* End XCConfigurationList section */
	};
	rootObject = DE13ACFB2257DF5600136AFE /* Project object */;
}
